
Microsoft Visual Studio Solution File, Format Version 12.00
# Visual Studio 15
VisualStudioVersion = 15.0.28010.2036
MinimumVisualStudioVersion = 10.0.40219.1
Project("{FAE04EC0-301F-11D3-BF4B-00C04F79EFBC}") = "Principal", "Principal\Principal.csproj", "{D439A375-AEFD-4BEB-B2BC-486ADC5B3CD5}"
EndProject
Global
	GlobalSection(SolutionConfigurationPlatforms) = preSolution
		Debug|Any CPU = Debug|Any CPU
		Release|Any CPU = Release|Any CPU
	EndGlobalSection
	GlobalSection(ProjectConfigurationPlatforms) = postSolution
		{D439A375-AEFD-4BEB-B2BC-486ADC5B3CD5}.Debug|Any CPU.ActiveCfg = Debug|Any CPU
		{D439A375-AEFD-4BEB-B2BC-486ADC5B3CD5}.Debug|Any CPU.Build.0 = Debug|Any CPU
		{D439A375-AEFD-4BEB-B2BC-486ADC5B3CD5}.Release|Any CPU.ActiveCfg = Release|Any CPU
		{D439A375-AEFD-4BEB-B2BC-486ADC5B3CD5}.Release|Any CPU.Build.0 = Release|Any CPU
	EndGlobalSection
	GlobalSection(SolutionProperties) = preSolution
		HideSolutionNode = FALSE
	EndGlobalSection
	GlobalSection(ExtensibilityGlobals) = postSolution
		SolutionGuid = {AE957080-A504-480A-A74B-CD55E29A5D3A}
	EndGlobalSection
EndGlobal
